
Microsoft Visual Studio Solution File, Format Version 12.00
# Visual Studio Version 16
VisualStudioVersion = 16.0.29123.88
MinimumVisualStudioVersion = 10.0.40219.1
Project("{FAE04EC0-301F-11D3-BF4B-00C04F79EFBC}") = "FE3H File Manager", "FE3H File Manager\FE3H File Manager.csproj", "{524695D1-764C-4C98-80D4-1248231399BC}"
EndProject
Global
	GlobalSection(SolutionConfigurationPlatforms) = preSolution
		Debug|Any CPU = Debug|Any CPU
		Release|Any CPU = Release|Any CPU
	EndGlobalSection
	GlobalSection(ProjectConfigurationPlatforms) = postSolution
		{524695D1-764C-4C98-80D4-1248231399BC}.Debug|Any CPU.ActiveCfg = Debug|Any CPU
		{524695D1-764C-4C98-80D4-1248231399BC}.Debug|Any CPU.Build.0 = Debug|Any CPU
		{524695D1-764C-4C98-80D4-1248231399BC}.Release|Any CPU.ActiveCfg = Release|Any CPU
		{524695D1-764C-4C98-80D4-1248231399BC}.Release|Any CPU.Build.0 = Release|Any CPU
	EndGlobalSection
	GlobalSection(SolutionProperties) = preSolution
		HideSolutionNode = FALSE
	EndGlobalSection
	GlobalSection(ExtensibilityGlobals) = postSolution
		SolutionGuid = {823DEE2C-2D88-486C-A32E-95EBCCAD17C2}
	EndGlobalSection
EndGlobal
